// !$*UTF8*$!
{
	archiveVersion = 1;
	classes = {
	};
	objectVersion = 48;
	objects = {

/* Begin PBXBuildFile section */
		22EDDFA01FBE5BE600D14444 /* main.c in Sources */ = {isa = PBXBuildFile; fileRef = 22EDDF9F1FBE5BE600D14444 /* main.c */; };
		22EDDFA91FBE5CFB00D14444 /* GLUT.framework in Frameworks */ = {isa = PBXBuildFile; fileRef = 22EDDFA81FBE5CF300D14444 /* GLUT.framework */; };
		22EDDFAB1FBE5D1300D14444 /* OpenGL.framework in Frameworks */ = {isa = PBXBuildFile; fileRef = 22EDDFAA1FBE5D0300D14444 /* OpenGL.framework */; };
		22EDDFB81FBE5DE000D14444 /* vecMatOps.c in Sources */ = {isa = PBXBuildFile; fileRef = 22EDDFAD1FBE5DDF00D14444 /* vecMatOps.c */; };
		22EDDFB91FBE5DE000D14444 /* viewFuncs.c in Sources */ = {isa = PBXBuildFile; fileRef = 22EDDFAF1FBE5DDF00D14444 /* viewFuncs.c */; };
		22EDDFBA1FBE5DE000D14444 /* objFuncs.c in Sources */ = {isa = PBXBuildFile; fileRef = 22EDDFB31FBE5DDF00D14444 /* objFuncs.c */; };
		22EDDFBB1FBE5DE000D14444 /* initShader.c in Sources */ = {isa = PBXBuildFile; fileRef = 22EDDFB51FBE5DDF00D14444 /* initShader.c */; };
		22EDDFBC1FBE5DE000D14444 /* transformFuncs.c in Sources */ = {isa = PBXBuildFile; fileRef = 22EDDFB71FBE5DE000D14444 /* transformFuncs.c */; };
/* End PBXBuildFile section */

/* Begin PBXCopyFilesBuildPhase section */
		22EDDF9A1FBE5BE600D14444 /* CopyFiles */ = {
			isa = PBXCopyFilesBuildPhase;
			buildActionMask = 2147483647;
			dstPath = /usr/share/man/man1/;
			dstSubfolderSpec = 0;
			files = (
			);
			runOnlyForDeploymentPostprocessing = 1;
		};
/* End PBXCopyFilesBuildPhase section */

/* Begin PBXFileReference section */
		22EDDF9C1FBE5BE600D14444 /* LightingProject3 */ = {isa = PBXFileReference; explicitFileType = "compiled.mach-o.executable"; includeInIndex = 0; path = LightingProject3; sourceTree = BUILT_PRODUCTS_DIR; };
		22EDDF9F1FBE5BE600D14444 /* main.c */ = {isa = PBXFileReference; lastKnownFileType = sourcecode.c.c; path = main.c; sourceTree = "<group>"; };
		22EDDFA71FBE5CEC00D14444 /* GLKit.framework */ = {isa = PBXFileReference; lastKnownFileType = wrapper.framework; name = GLKit.framework; path = System/Library/Frameworks/GLKit.framework; sourceTree = SDKROOT; };
		22EDDFA81FBE5CF300D14444 /* GLUT.framework */ = {isa = PBXFileReference; lastKnownFileType = wrapper.framework; name = GLUT.framework; path = System/Library/Frameworks/GLUT.framework; sourceTree = SDKROOT; };
		22EDDFAA1FBE5D0300D14444 /* OpenGL.framework */ = {isa = PBXFileReference; lastKnownFileType = wrapper.framework; name = OpenGL.framework; path = System/Library/Frameworks/OpenGL.framework; sourceTree = SDKROOT; };
		22EDDFAC1FBE5DDF00D14444 /* shapeVecs.h */ = {isa = PBXFileReference; fileEncoding = 4; lastKnownFileType = sourcecode.c.h; path = shapeVecs.h; sourceTree = "<group>"; };
		22EDDFAD1FBE5DDF00D14444 /* vecMatOps.c */ = {isa = PBXFileReference; fileEncoding = 4; lastKnownFileType = sourcecode.c.c; path = vecMatOps.c; sourceTree = "<group>"; };
		22EDDFAE1FBE5DDF00D14444 /* vecMatOps.h */ = {isa = PBXFileReference; fileEncoding = 4; lastKnownFileType = sourcecode.c.h; path = vecMatOps.h; sourceTree = "<group>"; };
		22EDDFAF1FBE5DDF00D14444 /* viewFuncs.c */ = {isa = PBXFileReference; fileEncoding = 4; lastKnownFileType = sourcecode.c.c; path = viewFuncs.c; sourceTree = "<group>"; };
		22EDDFB01FBE5DDF00D14444 /* viewFuncs.h */ = {isa = PBXFileReference; fileEncoding = 4; lastKnownFileType = sourcecode.c.h; path = viewFuncs.h; sourceTree = "<group>"; };
		22EDDFB11FBE5DDF00D14444 /* types.h */ = {isa = PBXFileReference; fileEncoding = 4; lastKnownFileType = sourcecode.c.h; path = types.h; sourceTree = "<group>"; };
		22EDDFB21FBE5DDF00D14444 /* initShader.h */ = {isa = PBXFileReference; fileEncoding = 4; lastKnownFileType = sourcecode.c.h; path = initShader.h; sourceTree = "<group>"; };
		22EDDFB31FBE5DDF00D14444 /* objFuncs.c */ = {isa = PBXFileReference; fileEncoding = 4; lastKnownFileType = sourcecode.c.c; path = objFuncs.c; sourceTree = "<group>"; };
		22EDDFB41FBE5DDF00D14444 /* objFuncs.h */ = {isa = PBXFileReference; fileEncoding = 4; lastKnownFileType = sourcecode.c.h; path = objFuncs.h; sourceTree = "<group>"; };
		22EDDFB51FBE5DDF00D14444 /* initShader.c */ = {isa = PBXFileReference; fileEncoding = 4; lastKnownFileType = sourcecode.c.c; path = initShader.c; sourceTree = "<group>"; };
		22EDDFB61FBE5DDF00D14444 /* transformFuncs.h */ = {isa = PBXFileReference; fileEncoding = 4; lastKnownFileType = sourcecode.c.h; path = transformFuncs.h; sourceTree = "<group>"; };
		22EDDFB71FBE5DE000D14444 /* transformFuncs.c */ = {isa = PBXFileReference; fileEncoding = 4; lastKnownFileType = sourcecode.c.c; path = transformFuncs.c; sourceTree = "<group>"; };
		22EDDFBD1FBE5F2200D14444 /* vshader.glsl */ = {isa = PBXFileReference; fileEncoding = 4; lastKnownFileType = text; name = vshader.glsl; path = "../../../../Library/Developer/Xcode/DerivedData/LightingProject3-cwavelpejiqetcgatkjlhzwnzigt/Build/Products/Debug/vshader.glsl"; sourceTree = "<group>"; };
		22EDDFBE1FBE5F2200D14444 /* fshader.glsl */ = {isa = PBXFileReference; fileEncoding = 4; lastKnownFileType = text; name = fshader.glsl; path = "../../../../Library/Developer/Xcode/DerivedData/LightingProject3-cwavelpejiqetcgatkjlhzwnzigt/Build/Products/Debug/fshader.glsl"; sourceTree = "<group>"; };
/* End PBXFileReference section */

/* Begin PBXFrameworksBuildPhase section */
		22EDDF991FBE5BE600D14444 /* Frameworks */ = {
			isa = PBXFrameworksBuildPhase;
			buildActionMask = 2147483647;
			files = (
				22EDDFAB1FBE5D1300D14444 /* OpenGL.framework in Frameworks */,
				22EDDFA91FBE5CFB00D14444 /* GLUT.framework in Frameworks */,
			);
			runOnlyForDeploymentPostprocessing = 0;
		};
/* End PBXFrameworksBuildPhase section */

/* Begin PBXGroup section */
		22EDDF931FBE5BE600D14444 = {
			isa = PBXGroup;
			children = (
				22EDDF9E1FBE5BE600D14444 /* LightingProject3 */,
				22EDDF9D1FBE5BE600D14444 /* Products */,
				22EDDFBE1FBE5F2200D14444 /* fshader.glsl */,
				22EDDFBD1FBE5F2200D14444 /* vshader.glsl */,
				22EDDFA61FBE5CEC00D14444 /* Frameworks */,
			);
			sourceTree = "<group>";
		};
		22EDDF9D1FBE5BE600D14444 /* Products */ = {
			isa = PBXGroup;
			children = (
				22EDDF9C1FBE5BE600D14444 /* LightingProject3 */,
			);
			name = Products;
			sourceTree = "<group>";
		};
		22EDDF9E1FBE5BE600D14444 /* LightingProject3 */ = {
			isa = PBXGroup;
			children = (
				22EDDF9F1FBE5BE600D14444 /* main.c */,
				22EDDFB51FBE5DDF00D14444 /* initShader.c */,
				22EDDFB21FBE5DDF00D14444 /* initShader.h */,
				22EDDFB31FBE5DDF00D14444 /* objFuncs.c */,
				22EDDFB41FBE5DDF00D14444 /* objFuncs.h */,
				22EDDFAC1FBE5DDF00D14444 /* shapeVecs.h */,
				22EDDFB71FBE5DE000D14444 /* transformFuncs.c */,
				22EDDFB61FBE5DDF00D14444 /* transformFuncs.h */,
				22EDDFB11FBE5DDF00D14444 /* types.h */,
				22EDDFAD1FBE5DDF00D14444 /* vecMatOps.c */,
				22EDDFAE1FBE5DDF00D14444 /* vecMatOps.h */,
				22EDDFAF1FBE5DDF00D14444 /* viewFuncs.c */,
				22EDDFB01FBE5DDF00D14444 /* viewFuncs.h */,
			);
			path = LightingProject3;
			sourceTree = "<group>";
		};
		22EDDFA61FBE5CEC00D14444 /* Frameworks */ = {
			isa = PBXGroup;
			children = (
				22EDDFAA1FBE5D0300D14444 /* OpenGL.framework */,
				22EDDFA81FBE5CF300D14444 /* GLUT.framework */,
				22EDDFA71FBE5CEC00D14444 /* GLKit.framework */,
			);
			name = Frameworks;
			sourceTree = "<group>";
		};
/* End PBXGroup section */

/* Begin PBXNativeTarget section */
		22EDDF9B1FBE5BE600D14444 /* LightingProject3 */ = {
			isa = PBXNativeTarget;
			buildConfigurationList = 22EDDFA31FBE5BE600D14444 /* Build configuration list for PBXNativeTarget "LightingProject3" */;
			buildPhases = (
				22EDDF981FBE5BE600D14444 /* Sources */,
				22EDDF991FBE5BE600D14444 /* Frameworks */,
				22EDDF9A1FBE5BE600D14444 /* CopyFiles */,
			);
			buildRules = (
			);
			dependencies = (
			);
			name = LightingProject3;
			productName = LightingProject3;
			productReference = 22EDDF9C1FBE5BE600D14444 /* LightingProject3 */;
			productType = "com.apple.product-type.tool";
		};
/* End PBXNativeTarget section */

/* Begin PBXProject section */
		22EDDF941FBE5BE600D14444 /* Project object */ = {
			isa = PBXProject;
			attributes = {
				LastUpgradeCheck = 0910;
				ORGANIZATIONNAME = "Sam Nosenzo";
				TargetAttributes = {
					22EDDF9B1FBE5BE600D14444 = {
						CreatedOnToolsVersion = 9.1;
						ProvisioningStyle = Automatic;
					};
				};
			};
			buildConfigurationList = 22EDDF971FBE5BE600D14444 /* Build configuration list for PBXProject "LightingProject3" */;
			compatibilityVersion = "Xcode 8.0";
			developmentRegion = en;
			hasScannedForEncodings = 0;
			knownRegions = (
				en,
			);
			mainGroup = 22EDDF931FBE5BE600D14444;
			productRefGroup = 22EDDF9D1FBE5BE600D14444 /* Products */;
			projectDirPath = "";
			projectRoot = "";
			targets = (
				22EDDF9B1FBE5BE600D14444 /* LightingProject3 */,
			);
		};
/* End PBXProject section */

/* Begin PBXSourcesBuildPhase section */
		22EDDF981FBE5BE600D14444 /* Sources */ = {
			isa = PBXSourcesBuildPhase;
			buildActionMask = 2147483647;
			files = (
				22EDDFB81FBE5DE000D14444 /* vecMatOps.c in Sources */,
				22EDDFBB1FBE5DE000D14444 /* initShader.c in Sources */,
				22EDDFBA1FBE5DE000D14444 /* objFuncs.c in Sources */,
				22EDDFB91FBE5DE000D14444 /* viewFuncs.c in Sources */,
				22EDDFBC1FBE5DE000D14444 /* transformFuncs.c in Sources */,
				22EDDFA01FBE5BE600D14444 /* main.c in Sources */,
			);
			runOnlyForDeploymentPostprocessing = 0;
		};
/* End PBXSourcesBuildPhase section */

/* Begin XCBuildConfiguration section */
		22EDDFA11FBE5BE600D14444 /* Debug */ = {
			isa = XCBuildConfiguration;
			buildSettings = {
				ALWAYS_SEARCH_USER_PATHS = NO;
				CLANG_ANALYZER_NONNULL = YES;
				CLANG_ANALYZER_NUMBER_OBJECT_CONVERSION = YES_AGGRESSIVE;
				CLANG_CXX_LANGUAGE_STANDARD = "gnu++14";
				CLANG_CXX_LIBRARY = "libc++";
				CLANG_ENABLE_MODULES = YES;
				CLANG_ENABLE_OBJC_ARC = YES;
				CLANG_WARN_BLOCK_CAPTURE_AUTORELEASING = YES;
				CLANG_WARN_BOOL_CONVERSION = YES;
				CLANG_WARN_COMMA = YES;
				CLANG_WARN_CONSTANT_CONVERSION = YES;
				CLANG_WARN_DIRECT_OBJC_ISA_USAGE = YES_ERROR;
				CLANG_WARN_DOCUMENTATION_COMMENTS = YES;
				CLANG_WARN_EMPTY_BODY = YES;
				CLANG_WARN_ENUM_CONVERSION = YES;
				CLANG_WARN_INFINITE_RECURSION = YES;
				CLANG_WARN_INT_CONVERSION = YES;
				CLANG_WARN_NON_LITERAL_NULL_CONVERSION = YES;
				CLANG_WARN_OBJC_LITERAL_CONVERSION = YES;
				CLANG_WARN_OBJC_ROOT_CLASS = YES_ERROR;
				CLANG_WARN_RANGE_LOOP_ANALYSIS = YES;
				CLANG_WARN_STRICT_PROTOTYPES = YES;
				CLANG_WARN_SUSPICIOUS_MOVE = YES;
				CLANG_WARN_UNGUARDED_AVAILABILITY = YES_AGGRESSIVE;
				CLANG_WARN_UNREACHABLE_CODE = YES;
				CLANG_WARN__DUPLICATE_METHOD_MATCH = YES;
				CODE_SIGN_IDENTITY = "-";
				COPY_PHASE_STRIP = NO;
				DEBUG_INFORMATION_FORMAT = dwarf;
				ENABLE_STRICT_OBJC_MSGSEND = YES;
				ENABLE_TESTABILITY = YES;
				GCC_C_LANGUAGE_STANDARD = gnu11;
				GCC_DYNAMIC_NO_PIC = NO;
				GCC_NO_COMMON_BLOCKS = YES;
				GCC_OPTIMIZATION_LEVEL = 0;
				GCC_PREPROCESSOR_DEFINITIONS = (
					"DEBUG=1",
					"$(inherited)",
				);
				GCC_WARN_64_TO_32_BIT_CONVERSION = YES;
				GCC_WARN_ABOUT_RETURN_TYPE = YES_ERROR;
				GCC_WARN_UNDECLARED_SELECTOR = YES;
				GCC_WARN_UNINITIALIZED_AUTOS = YES_AGGRESSIVE;
				GCC_WARN_UNUSED_FUNCTION = YES;
				GCC_WARN_UNUSED_VARIABLE = YES;
				MACOSX_DEPLOYMENT_TARGET = 10.13;
				MTL_ENABLE_DEBUG_INFO = YES;
				ONLY_ACTIVE_ARCH = YES;
				SDKROOT = macosx;
			};
			name = Debug;
		};
		22EDDFA21FBE5BE600D14444 /* Release */ = {
			isa = XCBuildConfiguration;
			buildSettings = {
				ALWAYS_SEARCH_USER_PATHS = NO;
				CLANG_ANALYZER_NONNULL = YES;
				CLANG_ANALYZER_NUMBER_OBJECT_CONVERSION = YES_AGGRESSIVE;
				CLANG_CXX_LANGUAGE_STANDARD = "gnu++14";
				CLANG_CXX_LIBRARY = "libc++";
				CLANG_ENABLE_MODULES = YES;
				CLANG_ENABLE_OBJC_ARC = YES;
				CLANG_WARN_BLOCK_CAPTURE_AUTORELEASING = YES;
				CLANG_WARN_BOOL_CONVERSION = YES;
				CLANG_WARN_COMMA = YES;
				CLANG_WARN_CONSTANT_CONVERSION = YES;
				CLANG_WARN_DIRECT_OBJC_ISA_USAGE = YES_ERROR;
				CLANG_WARN_DOCUMENTATION_COMMENTS = YES;
				CLANG_WARN_EMPTY_BODY = YES;
				CLANG_WARN_ENUM_CONVERSION = YES;
				CLANG_WARN_INFINITE_RECURSION = YES;
				CLANG_WARN_INT_CONVERSION = YES;
				CLANG_WARN_NON_LITERAL_NULL_CONVERSION = YES;
				CLANG_WARN_OBJC_LITERAL_CONVERSION = YES;
				CLANG_WARN_OBJC_ROOT_CLASS = YES_ERROR;
				CLANG_WARN_RANGE_LOOP_ANALYSIS = YES;
				CLANG_WARN_STRICT_PROTOTYPES = YES;
				CLANG_WARN_SUSPICIOUS_MOVE = YES;
				CLANG_WARN_UNGUARDED_AVAILABILITY = YES_AGGRESSIVE;
				CLANG_WARN_UNREACHABLE_CODE = YES;
				CLANG_WARN__DUPLICATE_METHOD_MATCH = YES;
				CODE_SIGN_IDENTITY = "-";
				COPY_PHASE_STRIP = NO;
				DEBUG_INFORMATION_FORMAT = "dwarf-with-dsym";
				ENABLE_NS_ASSERTIONS = NO;
				ENABLE_STRICT_OBJC_MSGSEND = YES;
				GCC_C_LANGUAGE_STANDARD = gnu11;
				GCC_NO_COMMON_BLOCKS = YES;
				GCC_WARN_64_TO_32_BIT_CONVERSION = YES;
				GCC_WARN_ABOUT_RETURN_TYPE = YES_ERROR;
				GCC_WARN_UNDECLARED_SELECTOR = YES;
				GCC_WARN_UNINITIALIZED_AUTOS = YES_AGGRESSIVE;
				GCC_WARN_UNUSED_FUNCTION = YES;
				GCC_WARN_UNUSED_VARIABLE = YES;
				MACOSX_DEPLOYMENT_TARGET = 10.13;
				MTL_ENABLE_DEBUG_INFO = NO;
				SDKROOT = macosx;
			};
			name = Release;
		};
		22EDDFA41FBE5BE600D14444 /* Debug */ = {
			isa = XCBuildConfiguration;
			buildSettings = {
				CODE_SIGN_STYLE = Automatic;
				PRODUCT_NAME = "$(TARGET_NAME)";
			};
			name = Debug;
		};
		22EDDFA51FBE5BE600D14444 /* Release */ = {
			isa = XCBuildConfiguration;
			buildSettings = {
				CODE_SIGN_STYLE = Automatic;
				PRODUCT_NAME = "$(TARGET_NAME)";
			};
			name = Release;
		};
/* End XCBuildConfiguration section */

/* Begin XCConfigurationList section */
		22EDDF971FBE5BE600D14444 /* Build configuration list for PBXProject "LightingProject3" */ = {
			isa = XCConfigurationList;
			buildConfigurations = (
				22EDDFA11FBE5BE600D14444 /* Debug */,
				22EDDFA21FBE5BE600D14444 /* Release */,
			);
			defaultConfigurationIsVisible = 0;
			defaultConfigurationName = Release;
		};
		22EDDFA31FBE5BE600D14444 /* Build configuration list for PBXNativeTarget "LightingProject3" */ = {
			isa = XCConfigurationList;
			buildConfigurations = (
				22EDDFA41FBE5BE600D14444 /* Debug */,
				22EDDFA51FBE5BE600D14444 /* Release */,
			);
			defaultConfigurationIsVisible = 0;
			defaultConfigurationName = Release;
		};
/* End XCConfigurationList section */
	};
	rootObject = 22EDDF941FBE5BE600D14444 /* Project object */;
}
